// !$*UTF8*$!
{
	archiveVersion = 1;
	classes = {
	};
	objectVersion = 46;
	objects = {

/* Begin PBXBuildFile section */
		3A14F2422629C6AA006FEB7F /* AppDelegate.swift in Sources */ = {isa = PBXBuildFile; fileRef = 3A14F2412629C6AA006FEB7F /* AppDelegate.swift */; };
		3A3B767F2629CB8500F2691B /* FPVViewController.swift in Sources */ = {isa = PBXBuildFile; fileRef = 3A3B767E2629CB8500F2691B /* FPVViewController.swift */; };
		7A95CCF143314B3B0B8CC987 /* Pods_BridgeAppDemo.framework in Frameworks */ = {isa = PBXBuildFile; fileRef = F94100EBF905A503242559E6 /* Pods_BridgeAppDemo.framework */; };
		A4F47F251C086E5C007A0E04 /* Main.storyboard in Resources */ = {isa = PBXBuildFile; fileRef = A4F47F231C086E5C007A0E04 /* Main.storyboard */; };
		A4F47F271C086E5C007A0E04 /* Assets.xcassets in Resources */ = {isa = PBXBuildFile; fileRef = A4F47F261C086E5C007A0E04 /* Assets.xcassets */; };
		A4F47F2A1C086E5C007A0E04 /* LaunchScreen.storyboard in Resources */ = {isa = PBXBuildFile; fileRef = A4F47F281C086E5C007A0E04 /* LaunchScreen.storyboard */; };
/* End PBXBuildFile section */

/* Begin PBXCopyFilesBuildPhase section */
		A4F47FC41C087112007A0E04 /* Embed Frameworks */ = {
			isa = PBXCopyFilesBuildPhase;
			buildActionMask = 2147483647;
			dstPath = "";
			dstSubfolderSpec = 10;
			files = (
			);
			name = "Embed Frameworks";
			runOnlyForDeploymentPostprocessing = 0;
		};
/* End PBXCopyFilesBuildPhase section */

/* Begin PBXFileReference section */
		3A14F2412629C6AA006FEB7F /* AppDelegate.swift */ = {isa = PBXFileReference; lastKnownFileType = sourcecode.swift; path = AppDelegate.swift; sourceTree = "<group>"; };
		3A3B767E2629CB8500F2691B /* FPVViewController.swift */ = {isa = PBXFileReference; lastKnownFileType = sourcecode.swift; path = FPVViewController.swift; sourceTree = "<group>"; };
		996B9196D5DADBD32F7356AA /* Pods-BridgeAppDemo.debug.xcconfig */ = {isa = PBXFileReference; includeInIndex = 1; lastKnownFileType = text.xcconfig; name = "Pods-BridgeAppDemo.debug.xcconfig"; path = "Target Support Files/Pods-BridgeAppDemo/Pods-BridgeAppDemo.debug.xcconfig"; sourceTree = "<group>"; };
		A3A9D6F537190661BC253C57 /* Pods-BridgeAppDemo.release.xcconfig */ = {isa = PBXFileReference; includeInIndex = 1; lastKnownFileType = text.xcconfig; name = "Pods-BridgeAppDemo.release.xcconfig"; path = "Target Support Files/Pods-BridgeAppDemo/Pods-BridgeAppDemo.release.xcconfig"; sourceTree = "<group>"; };
		A41255921DCB0CE7002DF91B /* BridgeAppDemo.entitlements */ = {isa = PBXFileReference; lastKnownFileType = text.plist.entitlements; path = BridgeAppDemo.entitlements; sourceTree = "<group>"; };
		A4F47F171C086E5C007A0E04 /* BridgeAppDemo.app */ = {isa = PBXFileReference; explicitFileType = wrapper.application; includeInIndex = 0; path = BridgeAppDemo.app; sourceTree = BUILT_PRODUCTS_DIR; };
		A4F47F241C086E5C007A0E04 /* Base */ = {isa = PBXFileReference; lastKnownFileType = file.storyboard; name = Base; path = Base.lproj/Main.storyboard; sourceTree = "<group>"; };
		A4F47F261C086E5C007A0E04 /* Assets.xcassets */ = {isa = PBXFileReference; lastKnownFileType = folder.assetcatalog; path = Assets.xcassets; sourceTree = "<group>"; };
		A4F47F291C086E5C007A0E04 /* Base */ = {isa = PBXFileReference; lastKnownFileType = file.storyboard; name = Base; path = Base.lproj/LaunchScreen.storyboard; sourceTree = "<group>"; };
		A4F47F2B1C086E5C007A0E04 /* Info.plist */ = {isa = PBXFileReference; lastKnownFileType = text.plist.xml; path = Info.plist; sourceTree = "<group>"; };
		A4F47F341C086E5C007A0E04 /* BridgeAppDemoTests.m */ = {isa = PBXFileReference; lastKnownFileType = sourcecode.c.objc; path = BridgeAppDemoTests.m; sourceTree = "<group>"; };
		A4F47F361C086E5C007A0E04 /* Info.plist */ = {isa = PBXFileReference; lastKnownFileType = text.plist.xml; path = Info.plist; sourceTree = "<group>"; };
		F94100EBF905A503242559E6 /* Pods_BridgeAppDemo.framework */ = {isa = PBXFileReference; explicitFileType = wrapper.framework; includeInIndex = 0; path = Pods_BridgeAppDemo.framework; sourceTree = BUILT_PRODUCTS_DIR; };
/* End PBXFileReference section */

/* Begin PBXFrameworksBuildPhase section */
		A4F47F141C086E5C007A0E04 /* Frameworks */ = {
			isa = PBXFrameworksBuildPhase;
			buildActionMask = 2147483647;
			files = (
				7A95CCF143314B3B0B8CC987 /* Pods_BridgeAppDemo.framework in Frameworks */,
			);
			runOnlyForDeploymentPostprocessing = 0;
		};
/* End PBXFrameworksBuildPhase section */

/* Begin PBXGroup section */
		4892AD1BB64E64604CD86BDD /* Frameworks */ = {
			isa = PBXGroup;
			children = (
				F94100EBF905A503242559E6 /* Pods_BridgeAppDemo.framework */,
			);
			name = Frameworks;
			sourceTree = "<group>";
		};
		A4F47F0E1C086E5C007A0E04 = {
			isa = PBXGroup;
			children = (
				A4F47F191C086E5C007A0E04 /* BridgeAppDemo */,
				A4F47F331C086E5C007A0E04 /* BridgeAppDemoTests */,
				A4F47F181C086E5C007A0E04 /* Products */,
				F92C003CA8FC2F19856E6C22 /* Pods */,
				4892AD1BB64E64604CD86BDD /* Frameworks */,
			);
			sourceTree = "<group>";
		};
		A4F47F181C086E5C007A0E04 /* Products */ = {
			isa = PBXGroup;
			children = (
				A4F47F171C086E5C007A0E04 /* BridgeAppDemo.app */,
			);
			name = Products;
			sourceTree = "<group>";
		};
		A4F47F191C086E5C007A0E04 /* BridgeAppDemo */ = {
			isa = PBXGroup;
			children = (
				3A14F2412629C6AA006FEB7F /* AppDelegate.swift */,
				A41255921DCB0CE7002DF91B /* BridgeAppDemo.entitlements */,
				A4F47F231C086E5C007A0E04 /* Main.storyboard */,
				A4F47F261C086E5C007A0E04 /* Assets.xcassets */,
				A4F47F281C086E5C007A0E04 /* LaunchScreen.storyboard */,
				A4F47F2B1C086E5C007A0E04 /* Info.plist */,
				3A3B767E2629CB8500F2691B /* FPVViewController.swift */,
			);
			path = BridgeAppDemo;
			sourceTree = "<group>";
		};
		A4F47F331C086E5C007A0E04 /* BridgeAppDemoTests */ = {
			isa = PBXGroup;
			children = (
				A4F47F341C086E5C007A0E04 /* BridgeAppDemoTests.m */,
				A4F47F361C086E5C007A0E04 /* Info.plist */,
			);
			path = BridgeAppDemoTests;
			sourceTree = "<group>";
		};
		F92C003CA8FC2F19856E6C22 /* Pods */ = {
			isa = PBXGroup;
			children = (
				996B9196D5DADBD32F7356AA /* Pods-BridgeAppDemo.debug.xcconfig */,
				A3A9D6F537190661BC253C57 /* Pods-BridgeAppDemo.release.xcconfig */,
			);
			path = Pods;
			sourceTree = "<group>";
		};
/* End PBXGroup section */

/* Begin PBXNativeTarget section */
		A4F47F161C086E5C007A0E04 /* BridgeAppDemo */ = {
			isa = PBXNativeTarget;
			buildConfigurationList = A4F47F391C086E5C007A0E04 /* Build configuration list for PBXNativeTarget "BridgeAppDemo" */;
			buildPhases = (
				67EF394EB92CC21594D4FAB1 /* [CP] Check Pods Manifest.lock */,
				A4F47F131C086E5C007A0E04 /* Sources */,
				A4F47F141C086E5C007A0E04 /* Frameworks */,
				A4F47F151C086E5C007A0E04 /* Resources */,
				A4F47FC41C087112007A0E04 /* Embed Frameworks */,
				4E6B3EC7CEF634C033068F33 /* [CP] Embed Pods Frameworks */,
			);
			buildRules = (
			);
			dependencies = (
			);
			name = BridgeAppDemo;
			productName = BridgeAppDemo;
			productReference = A4F47F171C086E5C007A0E04 /* BridgeAppDemo.app */;
			productType = "com.apple.product-type.application";
		};
/* End PBXNativeTarget section */

/* Begin PBXProject section */
		A4F47F0F1C086E5C007A0E04 /* Project object */ = {
			isa = PBXProject;
			attributes = {
				LastUpgradeCheck = 0710;
				ORGANIZATIONNAME = DJI;
				TargetAttributes = {
					A4F47F161C086E5C007A0E04 = {
						CreatedOnToolsVersion = 7.1;
						DevelopmentTeam = R725LZS4G8;
						LastSwiftMigration = 1240;
						SystemCapabilities = {
							com.apple.DataProtection = {
								enabled = 1;
							};
						};
					};
				};
			};
			buildConfigurationList = A4F47F121C086E5C007A0E04 /* Build configuration list for PBXProject "BridgeAppDemo" */;
			compatibilityVersion = "Xcode 3.2";
			developmentRegion = English;
			hasScannedForEncodings = 0;
			knownRegions = (
				English,
				en,
				Base,
			);
			mainGroup = A4F47F0E1C086E5C007A0E04;
			productRefGroup = A4F47F181C086E5C007A0E04 /* Products */;
			projectDirPath = "";
			projectRoot = "";
			targets = (
				A4F47F161C086E5C007A0E04 /* BridgeAppDemo */,
			);
		};
/* End PBXProject section */

/* Begin PBXResourcesBuildPhase section */
		A4F47F151C086E5C007A0E04 /* Resources */ = {
			isa = PBXResourcesBuildPhase;
			buildActionMask = 2147483647;
			files = (
				A4F47F2A1C086E5C007A0E04 /* LaunchScreen.storyboard in Resources */,
				A4F47F271C086E5C007A0E04 /* Assets.xcassets in Resources */,
				A4F47F251C086E5C007A0E04 /* Main.storyboard in Resources */,
			);
			runOnlyForDeploymentPostprocessing = 0;
		};
/* End PBXResourcesBuildPhase section */

/* Begin PBXShellScriptBuildPhase section */
		4E6B3EC7CEF634C033068F33 /* [CP] Embed Pods Frameworks */ = {
			isa = PBXShellScriptBuildPhase;
			buildActionMask = 2147483647;
			files = (
			);
			inputPaths = (
				"${PODS_ROOT}/Target Support Files/Pods-BridgeAppDemo/Pods-BridgeAppDemo-frameworks.sh",
				"${PODS_ROOT}/DJI-SDK-iOS/iOS_Mobile_SDK/DJISDK.framework",
				"${PODS_ROOT}/DJIWidget/FFmpeg/FFmpeg.framework",
				"${BUILT_PRODUCTS_DIR}/DJIWidget/DJIWidget.framework",
			);
			name = "[CP] Embed Pods Frameworks";
			outputPaths = (
				"${TARGET_BUILD_DIR}/${FRAMEWORKS_FOLDER_PATH}/DJISDK.framework",
				"${TARGET_BUILD_DIR}/${FRAMEWORKS_FOLDER_PATH}/FFmpeg.framework",
				"${TARGET_BUILD_DIR}/${FRAMEWORKS_FOLDER_PATH}/DJIWidget.framework",
			);
			runOnlyForDeploymentPostprocessing = 0;
			shellPath = /bin/sh;
			shellScript = "\"${PODS_ROOT}/Target Support Files/Pods-BridgeAppDemo/Pods-BridgeAppDemo-frameworks.sh\"\n";
			showEnvVarsInLog = 0;
		};
		67EF394EB92CC21594D4FAB1 /* [CP] Check Pods Manifest.lock */ = {
			isa = PBXShellScriptBuildPhase;
			buildActionMask = 2147483647;
			files = (
			);
			inputFileListPaths = (
			);
			inputPaths = (
				"${PODS_PODFILE_DIR_PATH}/Podfile.lock",
				"${PODS_ROOT}/Manifest.lock",
			);
			name = "[CP] Check Pods Manifest.lock";
			outputFileListPaths = (
			);
			outputPaths = (
				"$(DERIVED_FILE_DIR)/Pods-BridgeAppDemo-checkManifestLockResult.txt",
			);
			runOnlyForDeploymentPostprocessing = 0;
			shellPath = /bin/sh;
			shellScript = "diff \"${PODS_PODFILE_DIR_PATH}/Podfile.lock\" \"${PODS_ROOT}/Manifest.lock\" > /dev/null\nif [ $? != 0 ] ; then\n    # print error to STDERR\n    echo \"error: The sandbox is not in sync with the Podfile.lock. Run 'pod install' or update your CocoaPods installation.\" >&2\n    exit 1\nfi\n# This output is used by Xcode 'outputs' to avoid re-running this script phase.\necho \"SUCCESS\" > \"${SCRIPT_OUTPUT_FILE_0}\"\n";
			showEnvVarsInLog = 0;
		};
/* End PBXShellScriptBuildPhase section */

/* Begin PBXSourcesBuildPhase section */
		A4F47F131C086E5C007A0E04 /* Sources */ = {
			isa = PBXSourcesBuildPhase;
			buildActionMask = 2147483647;
			files = (
				3A14F2422629C6AA006FEB7F /* AppDelegate.swift in Sources */,
				3A3B767F2629CB8500F2691B /* FPVViewController.swift in Sources */,
			);
			runOnlyForDeploymentPostprocessing = 0;
		};
/* End PBXSourcesBuildPhase section */

/* Begin PBXVariantGroup section */
		A4F47F231C086E5C007A0E04 /* Main.storyboard */ = {
			isa = PBXVariantGroup;
			children = (
				A4F47F241C086E5C007A0E04 /* Base */,
			);
			name = Main.storyboard;
			sourceTree = "<group>";
		};
		A4F47F281C086E5C007A0E04 /* LaunchScreen.storyboard */ = {
			isa = PBXVariantGroup;
			children = (
				A4F47F291C086E5C007A0E04 /* Base */,
			);
			name = LaunchScreen.storyboard;
			sourceTree = "<group>";
		};
/* End PBXVariantGroup section */

/* Begin XCBuildConfiguration section */
		A4F47F371C086E5C007A0E04 /* Debug */ = {
			isa = XCBuildConfiguration;
			buildSettings = {
				ALWAYS_SEARCH_USER_PATHS = NO;
				CLANG_CXX_LANGUAGE_STANDARD = "gnu++0x";
				CLANG_CXX_LIBRARY = "libc++";
				CLANG_ENABLE_MODULES = YES;
				CLANG_ENABLE_OBJC_ARC = YES;
				CLANG_WARN_BOOL_CONVERSION = YES;
				CLANG_WARN_CONSTANT_CONVERSION = YES;
				CLANG_WARN_DIRECT_OBJC_ISA_USAGE = YES_ERROR;
				CLANG_WARN_EMPTY_BODY = YES;
				CLANG_WARN_ENUM_CONVERSION = YES;
				CLANG_WARN_INT_CONVERSION = YES;
				CLANG_WARN_OBJC_ROOT_CLASS = YES_ERROR;
				CLANG_WARN_UNREACHABLE_CODE = YES;
				CLANG_WARN__DUPLICATE_METHOD_MATCH = YES;
				"CODE_SIGN_IDENTITY[sdk=iphoneos*]" = "iPhone Developer";
				COPY_PHASE_STRIP = NO;
				DEBUG_INFORMATION_FORMAT = dwarf;
				ENABLE_STRICT_OBJC_MSGSEND = YES;
				ENABLE_TESTABILITY = YES;
				GCC_C_LANGUAGE_STANDARD = gnu99;
				GCC_DYNAMIC_NO_PIC = NO;
				GCC_NO_COMMON_BLOCKS = YES;
				GCC_OPTIMIZATION_LEVEL = 0;
				GCC_PREPROCESSOR_DEFINITIONS = (
					"DEBUG=1",
					"$(inherited)",
				);
				GCC_WARN_64_TO_32_BIT_CONVERSION = YES;
				GCC_WARN_ABOUT_RETURN_TYPE = YES_ERROR;
				GCC_WARN_UNDECLARED_SELECTOR = YES;
				GCC_WARN_UNINITIALIZED_AUTOS = YES_AGGRESSIVE;
				GCC_WARN_UNUSED_FUNCTION = YES;
				GCC_WARN_UNUSED_VARIABLE = YES;
				IPHONEOS_DEPLOYMENT_TARGET = 9.1;
				MTL_ENABLE_DEBUG_INFO = YES;
				ONLY_ACTIVE_ARCH = YES;
				SDKROOT = iphoneos;
				SWIFT_PRECOMPILE_BRIDGING_HEADER = NO;
				TARGETED_DEVICE_FAMILY = "1,2";
			};
			name = Debug;
		};
		A4F47F381C086E5C007A0E04 /* Release */ = {
			isa = XCBuildConfiguration;
			buildSettings = {
				ALWAYS_SEARCH_USER_PATHS = NO;
				CLANG_CXX_LANGUAGE_STANDARD = "gnu++0x";
				CLANG_CXX_LIBRARY = "libc++";
				CLANG_ENABLE_MODULES = YES;
				CLANG_ENABLE_OBJC_ARC = YES;
				CLANG_WARN_BOOL_CONVERSION = YES;
				CLANG_WARN_CONSTANT_CONVERSION = YES;
				CLANG_WARN_DIRECT_OBJC_ISA_USAGE = YES_ERROR;
				CLANG_WARN_EMPTY_BODY = YES;
				CLANG_WARN_ENUM_CONVERSION = YES;
				CLANG_WARN_INT_CONVERSION = YES;
				CLANG_WARN_OBJC_ROOT_CLASS = YES_ERROR;
				CLANG_WARN_UNREACHABLE_CODE = YES;
				CLANG_WARN__DUPLICATE_METHOD_MATCH = YES;
				"CODE_SIGN_IDENTITY[sdk=iphoneos*]" = "iPhone Developer";
				COPY_PHASE_STRIP = NO;
				DEBUG_INFORMATION_FORMAT = "dwarf-with-dsym";
				ENABLE_NS_ASSERTIONS = NO;
				ENABLE_STRICT_OBJC_MSGSEND = YES;
				GCC_C_LANGUAGE_STANDARD = gnu99;
				GCC_NO_COMMON_BLOCKS = YES;
				GCC_WARN_64_TO_32_BIT_CONVERSION = YES;
				GCC_WARN_ABOUT_RETURN_TYPE = YES_ERROR;
				GCC_WARN_UNDECLARED_SELECTOR = YES;
				GCC_WARN_UNINITIALIZED_AUTOS = YES_AGGRESSIVE;
				GCC_WARN_UNUSED_FUNCTION = YES;
				GCC_WARN_UNUSED_VARIABLE = YES;
				IPHONEOS_DEPLOYMENT_TARGET = 9.1;
				MTL_ENABLE_DEBUG_INFO = NO;
				SDKROOT = iphoneos;
				SWIFT_PRECOMPILE_BRIDGING_HEADER = NO;
				TARGETED_DEVICE_FAMILY = "1,2";
				VALIDATE_PRODUCT = YES;
			};
			name = Release;
		};
		A4F47F3A1C086E5C007A0E04 /* Debug */ = {
			isa = XCBuildConfiguration;
			baseConfigurationReference = 996B9196D5DADBD32F7356AA /* Pods-BridgeAppDemo.debug.xcconfig */;
			buildSettings = {
				ASSETCATALOG_COMPILER_APPICON_NAME = AppIcon;
				CLANG_ENABLE_MODULES = YES;
				CODE_SIGN_ENTITLEMENTS = BridgeAppDemo/BridgeAppDemo.entitlements;
				DEVELOPMENT_TEAM = R725LZS4G8;
				ENABLE_BITCODE = NO;
				FRAMEWORK_SEARCH_PATHS = "$(inherited)";
				HEADER_SEARCH_PATHS = (
					"$(inherited)",
					/Applications/Xcode.app/Contents/Developer/Toolchains/XcodeDefault.xctoolchain/usr/include,
				);
				INFOPLIST_FILE = BridgeAppDemo/Info.plist;
				IPHONEOS_DEPLOYMENT_TARGET = 9.0;
				LD_RUNPATH_SEARCH_PATHS = "$(inherited) @executable_path/Frameworks";
				LIBRARY_SEARCH_PATHS = "$(inherited)";
				PRODUCT_BUNDLE_IDENTIFIER = com.dji.FPVDemoSwiftRIIS;
				PRODUCT_NAME = "$(TARGET_NAME)";
				SWIFT_OPTIMIZATION_LEVEL = "-Onone";
				SWIFT_VERSION = 5.0;
			};
			name = Debug;
		};
		A4F47F3B1C086E5C007A0E04 /* Release */ = {
			isa = XCBuildConfiguration;
			baseConfigurationReference = A3A9D6F537190661BC253C57 /* Pods-BridgeAppDemo.release.xcconfig */;
			buildSettings = {
				ASSETCATALOG_COMPILER_APPICON_NAME = AppIcon;
				CLANG_ENABLE_MODULES = YES;
				CODE_SIGN_ENTITLEMENTS = BridgeAppDemo/BridgeAppDemo.entitlements;
				DEVELOPMENT_TEAM = R725LZS4G8;
				ENABLE_BITCODE = NO;
				FRAMEWORK_SEARCH_PATHS = "$(inherited)";
				HEADER_SEARCH_PATHS = (
					"$(inherited)",
					/Applications/Xcode.app/Contents/Developer/Toolchains/XcodeDefault.xctoolchain/usr/include,
				);
				INFOPLIST_FILE = BridgeAppDemo/Info.plist;
				IPHONEOS_DEPLOYMENT_TARGET = 9.0;
				LD_RUNPATH_SEARCH_PATHS = "$(inherited) @executable_path/Frameworks";
				LIBRARY_SEARCH_PATHS = "$(inherited)";
				PRODUCT_BUNDLE_IDENTIFIER = com.dji.FPVDemoSwiftRIIS;
				PRODUCT_NAME = "$(TARGET_NAME)";
				SWIFT_VERSION = 5.0;
			};
			name = Release;
		};
/* End XCBuildConfiguration section */

/* Begin XCConfigurationList section */
		A4F47F121C086E5C007A0E04 /* Build configuration list for PBXProject "BridgeAppDemo" */ = {
			isa = XCConfigurationList;
			buildConfigurations = (
				A4F47F371C086E5C007A0E04 /* Debug */,
				A4F47F381C086E5C007A0E04 /* Release */,
			);
			defaultConfigurationIsVisible = 0;
			defaultConfigurationName = Release;
		};
		A4F47F391C086E5C007A0E04 /* Build configuration list for PBXNativeTarget "BridgeAppDemo" */ = {
			isa = XCConfigurationList;
			buildConfigurations = (
				A4F47F3A1C086E5C007A0E04 /* Debug */,
				A4F47F3B1C086E5C007A0E04 /* Release */,
			);
			defaultConfigurationIsVisible = 0;
			defaultConfigurationName = Release;
		};
/* End XCConfigurationList section */
	};
	rootObject = A4F47F0F1C086E5C007A0E04 /* Project object */;
}
